
Microsoft Visual Studio Solution File, Format Version 12.00
# Visual Studio Version 16
VisualStudioVersion = 16.0.31402.337
MinimumVisualStudioVersion = 10.0.40219.1
Project("{9A19103F-16F7-4668-BE54-9A1E7A4F7556}") = "Algorithms_Graphics", "Algorithms_Graphics.csproj", "{401D6591-C6F3-425C-8770-F018215ADA44}"
EndProject
Global
	GlobalSection(SolutionConfigurationPlatforms) = preSolution
		Debug|Any CPU = Debug|Any CPU
		Release|Any CPU = Release|Any CPU
	EndGlobalSection
	GlobalSection(ProjectConfigurationPlatforms) = postSolution
		{401D6591-C6F3-425C-8770-F018215ADA44}.Debug|Any CPU.ActiveCfg = Debug|Any CPU
		{401D6591-C6F3-425C-8770-F018215ADA44}.Debug|Any CPU.Build.0 = Debug|Any CPU
		{401D6591-C6F3-425C-8770-F018215ADA44}.Release|Any CPU.ActiveCfg = Release|Any CPU
		{401D6591-C6F3-425C-8770-F018215ADA44}.Release|Any CPU.Build.0 = Release|Any CPU
	EndGlobalSection
	GlobalSection(SolutionProperties) = preSolution
		HideSolutionNode = FALSE
	EndGlobalSection
	GlobalSection(ExtensibilityGlobals) = postSolution
		SolutionGuid = {B7C0B782-BA72-47FA-9A9D-D172692214DB}
	EndGlobalSection
EndGlobal
